
Microsoft Visual Studio Solution File, Format Version 12.00
# Visual Studio Version 16
VisualStudioVersion = 16.0.30320.27
MinimumVisualStudioVersion = 10.0.40219.1
Project("{9A19103F-16F7-4668-BE54-9A1E7A4F7556}") = "GameServer", "GameServer\GameServer.csproj", "{F3313488-83CD-4C80-A185-E8B15851C3CF}"
EndProject
Project("{9A19103F-16F7-4668-BE54-9A1E7A4F7556}") = "Logic", "Logic\Logic.csproj", "{930A6005-4A15-4C41-BCFF-93797F2B3505}"
EndProject
Project("{9A19103F-16F7-4668-BE54-9A1E7A4F7556}") = "Models", "Models\Models.csproj", "{C68E160A-4CAF-4EB5-A589-C0AA62C2F34D}"
EndProject
Project("{FAE04EC0-301F-11D3-BF4B-00C04F79EFBC}") = "LogicTests", "LogicTests\LogicTests.csproj", "{F84B0A64-C4F7-44EE-825E-D7235668ECEE}"
EndProject
Global
	GlobalSection(SolutionConfigurationPlatforms) = preSolution
		Debug|Any CPU = Debug|Any CPU
		Release|Any CPU = Release|Any CPU
	EndGlobalSection
	GlobalSection(ProjectConfigurationPlatforms) = postSolution
		{F3313488-83CD-4C80-A185-E8B15851C3CF}.Debug|Any CPU.ActiveCfg = Debug|Any CPU
		{F3313488-83CD-4C80-A185-E8B15851C3CF}.Debug|Any CPU.Build.0 = Debug|Any CPU
		{F3313488-83CD-4C80-A185-E8B15851C3CF}.Release|Any CPU.ActiveCfg = Release|Any CPU
		{F3313488-83CD-4C80-A185-E8B15851C3CF}.Release|Any CPU.Build.0 = Release|Any CPU
		{930A6005-4A15-4C41-BCFF-93797F2B3505}.Debug|Any CPU.ActiveCfg = Debug|Any CPU
		{930A6005-4A15-4C41-BCFF-93797F2B3505}.Debug|Any CPU.Build.0 = Debug|Any CPU
		{930A6005-4A15-4C41-BCFF-93797F2B3505}.Release|Any CPU.ActiveCfg = Release|Any CPU
		{930A6005-4A15-4C41-BCFF-93797F2B3505}.Release|Any CPU.Build.0 = Release|Any CPU
		{C68E160A-4CAF-4EB5-A589-C0AA62C2F34D}.Debug|Any CPU.ActiveCfg = Debug|Any CPU
		{C68E160A-4CAF-4EB5-A589-C0AA62C2F34D}.Debug|Any CPU.Build.0 = Debug|Any CPU
		{C68E160A-4CAF-4EB5-A589-C0AA62C2F34D}.Release|Any CPU.ActiveCfg = Release|Any CPU
		{C68E160A-4CAF-4EB5-A589-C0AA62C2F34D}.Release|Any CPU.Build.0 = Release|Any CPU
		{F84B0A64-C4F7-44EE-825E-D7235668ECEE}.Debug|Any CPU.ActiveCfg = Debug|Any CPU
		{F84B0A64-C4F7-44EE-825E-D7235668ECEE}.Debug|Any CPU.Build.0 = Debug|Any CPU
		{F84B0A64-C4F7-44EE-825E-D7235668ECEE}.Release|Any CPU.ActiveCfg = Release|Any CPU
		{F84B0A64-C4F7-44EE-825E-D7235668ECEE}.Release|Any CPU.Build.0 = Release|Any CPU
	EndGlobalSection
	GlobalSection(SolutionProperties) = preSolution
		HideSolutionNode = FALSE
	EndGlobalSection
	GlobalSection(ExtensibilityGlobals) = postSolution
		SolutionGuid = {62B813E6-C393-4BCB-AD03-6AD75796B957}
	EndGlobalSection
EndGlobal
